
Microsoft Visual Studio Solution File, Format Version 12.00
# Visual Studio 15
VisualStudioVersion = 15.0.27130.2024
MinimumVisualStudioVersion = 10.0.40219.1
Project("{9A19103F-16F7-4668-BE54-9A1E7A4F7556}") = "LabWebApplication", "LabWebApplication\LabWebApplication.csproj", "{15F0C79A-437F-49B5-9BC1-4F322D8005C7}"
	ProjectSection(ProjectDependencies) = postProject
		{BFBA1FAC-817A-435A-8028-D72122BFB473} = {BFBA1FAC-817A-435A-8028-D72122BFB473}
	EndProjectSection
EndProject
Project("{9A19103F-16F7-4668-BE54-9A1E7A4F7556}") = "LabApplicationBackendLayer", "LabApplicationBackendLayer\LabApplicationBackendLayer.csproj", "{BFBA1FAC-817A-435A-8028-D72122BFB473}"
EndProject
Global
	GlobalSection(SolutionConfigurationPlatforms) = preSolution
		Debug|Any CPU = Debug|Any CPU
		Release|Any CPU = Release|Any CPU
	EndGlobalSection
	GlobalSection(ProjectConfigurationPlatforms) = postSolution
		{15F0C79A-437F-49B5-9BC1-4F322D8005C7}.Debug|Any CPU.ActiveCfg = Debug|Any CPU
		{15F0C79A-437F-49B5-9BC1-4F322D8005C7}.Debug|Any CPU.Build.0 = Debug|Any CPU
		{15F0C79A-437F-49B5-9BC1-4F322D8005C7}.Release|Any CPU.ActiveCfg = Release|Any CPU
		{15F0C79A-437F-49B5-9BC1-4F322D8005C7}.Release|Any CPU.Build.0 = Release|Any CPU
		{BFBA1FAC-817A-435A-8028-D72122BFB473}.Debug|Any CPU.ActiveCfg = Debug|Any CPU
		{BFBA1FAC-817A-435A-8028-D72122BFB473}.Debug|Any CPU.Build.0 = Debug|Any CPU
		{BFBA1FAC-817A-435A-8028-D72122BFB473}.Release|Any CPU.ActiveCfg = Release|Any CPU
		{BFBA1FAC-817A-435A-8028-D72122BFB473}.Release|Any CPU.Build.0 = Release|Any CPU
	EndGlobalSection
	GlobalSection(SolutionProperties) = preSolution
		HideSolutionNode = FALSE
	EndGlobalSection
	GlobalSection(ExtensibilityGlobals) = postSolution
		SolutionGuid = {2AE44E0B-3771-4F83-9875-D019B5D65C51}
	EndGlobalSection
EndGlobal
